
Microsoft Visual Studio Solution File, Format Version 12.00
# Visual Studio Version 16
VisualStudioVersion = 16.0.31410.357
MinimumVisualStudioVersion = 10.0.40219.1
Project("{FAE04EC0-301F-11D3-BF4B-00C04F79EFBC}") = "my-books", "my-books\my-books.csproj", "{12DE7B0A-3902-446D-8DA4-CAF2DB0821E4}"
EndProject
Global
	GlobalSection(SolutionConfigurationPlatforms) = preSolution
		Debug|Any CPU = Debug|Any CPU
		Release|Any CPU = Release|Any CPU
	EndGlobalSection
	GlobalSection(ProjectConfigurationPlatforms) = postSolution
		{12DE7B0A-3902-446D-8DA4-CAF2DB0821E4}.Debug|Any CPU.ActiveCfg = Debug|Any CPU
		{12DE7B0A-3902-446D-8DA4-CAF2DB0821E4}.Debug|Any CPU.Build.0 = Debug|Any CPU
		{12DE7B0A-3902-446D-8DA4-CAF2DB0821E4}.Release|Any CPU.ActiveCfg = Release|Any CPU
		{12DE7B0A-3902-446D-8DA4-CAF2DB0821E4}.Release|Any CPU.Build.0 = Release|Any CPU
	EndGlobalSection
	GlobalSection(SolutionProperties) = preSolution
		HideSolutionNode = FALSE
	EndGlobalSection
	GlobalSection(ExtensibilityGlobals) = postSolution
		SolutionGuid = {B7414229-D44C-4726-849D-F5D1E47092D4}
	EndGlobalSection
EndGlobal
